{
  "version": 4,
  "terraform_version": "1.9.5",
  "serial": 2,
  "lineage": "bcdf31dd-328f-b1e4-dbce-71ac2761d5f3",
  "outputs": {
    "application_gateway_public_ip": {
      "value": null,
      "type": "string"
    },
    "backend_vm_private_ip": {
      "value": null,
      "type": "string"
    },
    "bastion_fqdn": {
      "value": null,
      "type": "string"
    },
    "mysql_server_fqdn": {
      "value": null,
      "type": "string"
    },
    "resource_group_name": {
      "value": null,
      "type": "string"
    },
    "virtual_network_name": {
      "value": null,
      "type": "string"
    }
  },
  "resources": [
    {
      "module": "module.foundation",
      "mode": "data",
      "type": "azurerm_client_config",
      "name": "current",
      "provider": "provider[\"registry.terraform.io/hashicorp/azurerm\"]",
      "instances": [
        {
          "schema_version": 0,
          "attributes": {
            "client_id": "04b07795-8ddb-461a-bbee-02f9e1bf7b46",
            "id": "Y2xpZW50Q29uZmlncy9jbGllbnRJZD0wNGIwNzc5NS04ZGRiLTQ2MWEtYmJlZS0wMmY5ZTFiZjdiNDY7b2JqZWN0SWQ9ZmYyMWExOTktMTliYy00NjVhLThkZTEtODkwNjdmMTBhNmRlO3N1YnNjcmlwdGlvbklkPWZiNWEwNGFiLWI5MmItNDYxMy05OWFmLWNhM2M3ZWViYjk1ODt0ZW5hbnRJZD04ZTVkNWE4My05ZjVkLTQ5YzUtYjdlYS00OWU5Y2Y4Mjk2ODI=",
            "object_id": "ff21a199-19bc-465a-8de1-89067f10a6de",
            "subscription_id": "fb5a04ab-b92b-4613-99af-ca3c7eebb958",
            "tenant_id": "8e5d5a83-9f5d-49c5-b7ea-49e9cf829682",
            "timeouts": null
          },
          "sensitive_attributes": []
        }
      ]
    },
    {
      "module": "module.network",
      "mode": "managed",
      "type": "azurerm_network_security_group",
      "name": "public",
      "provider": "provider[\"registry.terraform.io/hashicorp/azurerm\"]",
      "instances": [
        {
          "schema_version": 0,
          "attributes": {
            "id": "/subscriptions/fb5a04ab-b92b-4613-99af-ca3c7eebb958/resourceGroups/rg-qa-movie-analyst/providers/Microsoft.Network/networkSecurityGroups/nsg-public",
            "location": "centralus",
            "name": "nsg-public",
            "resource_group_name": "rg-qa-movie-analyst",
            "security_rule": [
              {
                "access": "Allow",
                "description": "",
                "destination_address_prefix": "*",
                "destination_address_prefixes": [],
                "destination_application_security_group_ids": [],
                "destination_port_range": "22",
                "destination_port_ranges": [],
                "direction": "Inbound",
                "name": "SSH",
                "priority": 1001,
                "protocol": "Tcp",
                "source_address_prefix": "0.0.0.0/0",
                "source_address_prefixes": [],
                "source_application_security_group_ids": [],
                "source_port_range": "*",
                "source_port_ranges": []
              },
              {
                "access": "Allow",
                "description": "",
                "destination_address_prefix": "*",
                "destination_address_prefixes": [],
                "destination_application_security_group_ids": [],
                "destination_port_range": "443",
                "destination_port_ranges": [],
                "direction": "Inbound",
                "name": "HTTPS",
                "priority": 1002,
                "protocol": "Tcp",
                "source_address_prefix": "*",
                "source_address_prefixes": [],
                "source_application_security_group_ids": [],
                "source_port_range": "*",
                "source_port_ranges": []
              },
              {
                "access": "Allow",
                "description": "",
                "destination_address_prefix": "*",
                "destination_address_prefixes": [],
                "destination_application_security_group_ids": [],
                "destination_port_range": "65200-65535",
                "destination_port_ranges": [],
                "direction": "Inbound",
                "name": "AppGWHealthProbes",
                "priority": 1004,
                "protocol": "Tcp",
                "source_address_prefix": "GatewayManager",
                "source_address_prefixes": [],
                "source_application_security_group_ids": [],
                "source_port_range": "*",
                "source_port_ranges": []
              },
              {
                "access": "Allow",
                "description": "",
                "destination_address_prefix": "*",
                "destination_address_prefixes": [],
                "destination_application_security_group_ids": [],
                "destination_port_range": "80",
                "destination_port_ranges": [],
                "direction": "Inbound",
                "name": "HTTP",
                "priority": 1003,
                "protocol": "Tcp",
                "source_address_prefix": "*",
                "source_address_prefixes": [],
                "source_application_security_group_ids": [],
                "source_port_range": "*",
                "source_port_ranges": []
              }
            ],
            "tags": {},
            "timeouts": null
          },
          "sensitive_attributes": [],
          "private": "eyJlMmJmYjczMC1lY2FhLTExZTYtOGY4OC0zNDM2M2JjN2M0YzAiOnsiY3JlYXRlIjoxODAwMDAwMDAwMDAwLCJkZWxldGUiOjE4MDAwMDAwMDAwMDAsInJlYWQiOjMwMDAwMDAwMDAwMCwidXBkYXRlIjoxODAwMDAwMDAwMDAwfSwic2NoZW1hX3ZlcnNpb24iOiIwIn0="
        }
      ]
    },
    {
      "module": "module.network",
      "mode": "managed",
      "type": "azurerm_public_ip",
      "name": "bastion",
      "provider": "provider[\"registry.terraform.io/hashicorp/azurerm\"]",
      "instances": [
        {
          "schema_version": 0,
          "attributes": {
            "allocation_method": "Static",
            "ddos_protection_mode": "VirtualNetworkInherited",
            "ddos_protection_plan_id": null,
            "domain_name_label": null,
            "edge_zone": "",
            "fqdn": null,
            "id": "/subscriptions/fb5a04ab-b92b-4613-99af-ca3c7eebb958/resourceGroups/rg-qa-movie-analyst/providers/Microsoft.Network/publicIPAddresses/rg-qa-movie-analyst-pip-bastion",
            "idle_timeout_in_minutes": 4,
            "ip_address": "128.203.195.91",
            "ip_tags": {},
            "ip_version": "IPv4",
            "location": "centralus",
            "name": "rg-qa-movie-analyst-pip-bastion",
            "public_ip_prefix_id": null,
            "resource_group_name": "rg-qa-movie-analyst",
            "reverse_fqdn": null,
            "sku": "Standard",
            "sku_tier": "Regional",
            "tags": {
              "Environment": "qa",
              "Module": "network",
              "Project": "movie-analyst"
            },
            "timeouts": null,
            "zones": []
          },
          "sensitive_attributes": [],
          "private": "eyJlMmJmYjczMC1lY2FhLTExZTYtOGY4OC0zNDM2M2JjN2M0YzAiOnsiY3JlYXRlIjoxODAwMDAwMDAwMDAwLCJkZWxldGUiOjE4MDAwMDAwMDAwMDAsInJlYWQiOjMwMDAwMDAwMDAwMCwidXBkYXRlIjoxODAwMDAwMDAwMDAwfSwic2NoZW1hX3ZlcnNpb24iOiIwIn0="
        }
      ]
    }
  ],
  "check_results": null
}
